
Microsoft Visual Studio Solution File, Format Version 12.00
# Visual Studio Version 16
VisualStudioVersion = 16.0.30523.141
MinimumVisualStudioVersion = 10.0.40219.1
Project("{9A19103F-16F7-4668-BE54-9A1E7A4F7556}") = "Commander", "Commander.csproj", "{6460F279-C10B-45E3-AA85-7060876B0DD5}"
EndProject
Project("{FAE04EC0-301F-11D3-BF4B-00C04F79EFBC}") = "Services", "..\Services\Services.csproj", "{081EF725-FBED-4B58-AA86-DF73CEC7B000}"
EndProject
Global
	GlobalSection(SolutionConfigurationPlatforms) = preSolution
		Debug|Any CPU = Debug|Any CPU
		Release|Any CPU = Release|Any CPU
	EndGlobalSection
	GlobalSection(ProjectConfigurationPlatforms) = postSolution
		{6460F279-C10B-45E3-AA85-7060876B0DD5}.Debug|Any CPU.ActiveCfg = Debug|Any CPU
		{6460F279-C10B-45E3-AA85-7060876B0DD5}.Debug|Any CPU.Build.0 = Debug|Any CPU
		{6460F279-C10B-45E3-AA85-7060876B0DD5}.Release|Any CPU.ActiveCfg = Release|Any CPU
		{6460F279-C10B-45E3-AA85-7060876B0DD5}.Release|Any CPU.Build.0 = Release|Any CPU
		{081EF725-FBED-4B58-AA86-DF73CEC7B000}.Debug|Any CPU.ActiveCfg = Debug|Any CPU
		{081EF725-FBED-4B58-AA86-DF73CEC7B000}.Debug|Any CPU.Build.0 = Debug|Any CPU
		{081EF725-FBED-4B58-AA86-DF73CEC7B000}.Release|Any CPU.ActiveCfg = Release|Any CPU
		{081EF725-FBED-4B58-AA86-DF73CEC7B000}.Release|Any CPU.Build.0 = Release|Any CPU
	EndGlobalSection
	GlobalSection(SolutionProperties) = preSolution
		HideSolutionNode = FALSE
	EndGlobalSection
	GlobalSection(ExtensibilityGlobals) = postSolution
		SolutionGuid = {3E77B271-8B50-42F6-8CCC-53499C41BAC1}
	EndGlobalSection
EndGlobal
